
Microsoft Visual Studio Solution File, Format Version 12.00
# Visual Studio Version 17
VisualStudioVersion = 17.4.33205.214
MinimumVisualStudioVersion = 10.0.40219.1
Project("{9A19103F-16F7-4668-BE54-9A1E7A4F7556}") = "OxyPlotTest", "OxyPlotTest\OxyPlotTest.csproj", "{BA2A3B82-F32A-40D7-A2E1-12412EEB8AA5}"
EndProject
Project("{9A19103F-16F7-4668-BE54-9A1E7A4F7556}") = "WpfExamples", "WpfExamples\WpfExamples.csproj", "{1172C612-A9ED-4B00-8BF5-AFDBB4311399}"
EndProject
Global
	GlobalSection(SolutionConfigurationPlatforms) = preSolution
		Debug|Any CPU = Debug|Any CPU
		Release|Any CPU = Release|Any CPU
	EndGlobalSection
	GlobalSection(ProjectConfigurationPlatforms) = postSolution
		{BA2A3B82-F32A-40D7-A2E1-12412EEB8AA5}.Debug|Any CPU.ActiveCfg = Debug|Any CPU
		{BA2A3B82-F32A-40D7-A2E1-12412EEB8AA5}.Debug|Any CPU.Build.0 = Debug|Any CPU
		{BA2A3B82-F32A-40D7-A2E1-12412EEB8AA5}.Release|Any CPU.ActiveCfg = Release|Any CPU
		{BA2A3B82-F32A-40D7-A2E1-12412EEB8AA5}.Release|Any CPU.Build.0 = Release|Any CPU
		{1172C612-A9ED-4B00-8BF5-AFDBB4311399}.Debug|Any CPU.ActiveCfg = Debug|Any CPU
		{1172C612-A9ED-4B00-8BF5-AFDBB4311399}.Debug|Any CPU.Build.0 = Debug|Any CPU
		{1172C612-A9ED-4B00-8BF5-AFDBB4311399}.Release|Any CPU.ActiveCfg = Release|Any CPU
		{1172C612-A9ED-4B00-8BF5-AFDBB4311399}.Release|Any CPU.Build.0 = Release|Any CPU
	EndGlobalSection
	GlobalSection(SolutionProperties) = preSolution
		HideSolutionNode = FALSE
	EndGlobalSection
	GlobalSection(ExtensibilityGlobals) = postSolution
		SolutionGuid = {444C2A5A-63F5-4CB2-8A82-A23F632E74D0}
	EndGlobalSection
EndGlobal
